
Microsoft Visual Studio Solution File, Format Version 12.00
# Visual Studio 14
VisualStudioVersion = 14.0.25420.1
MinimumVisualStudioVersion = 10.0.40219.1
Project("{FAE04EC0-301F-11D3-BF4B-00C04F79EFBC}") = "SafeTalk.API", "SafeTalk.API\SafeTalk.API.csproj", "{A0BB76C5-F300-4C2D-B2A7-973CAAA787D7}"
EndProject
Project("{FAE04EC0-301F-11D3-BF4B-00C04F79EFBC}") = "SafeTalk.Models", "..\SafeTalk.Models\SafeTalk.Models\SafeTalk.Models.csproj", "{0DCD6481-E17B-4609-98E6-B977F5A3AACE}"
EndProject
Project("{FAE04EC0-301F-11D3-BF4B-00C04F79EFBC}") = "SafeTalk.Tests", "SafeTalk.Tests\SafeTalk.Tests.csproj", "{C6D044C6-8F96-4203-8B94-98E3025B8BA1}"
EndProject
Global
	GlobalSection(SolutionConfigurationPlatforms) = preSolution
		Debug|Any CPU = Debug|Any CPU
		Release|Any CPU = Release|Any CPU
	EndGlobalSection
	GlobalSection(ProjectConfigurationPlatforms) = postSolution
		{A0BB76C5-F300-4C2D-B2A7-973CAAA787D7}.Debug|Any CPU.ActiveCfg = Debug|Any CPU
		{A0BB76C5-F300-4C2D-B2A7-973CAAA787D7}.Debug|Any CPU.Build.0 = Debug|Any CPU
		{A0BB76C5-F300-4C2D-B2A7-973CAAA787D7}.Release|Any CPU.ActiveCfg = Release|Any CPU
		{A0BB76C5-F300-4C2D-B2A7-973CAAA787D7}.Release|Any CPU.Build.0 = Release|Any CPU
		{0DCD6481-E17B-4609-98E6-B977F5A3AACE}.Debug|Any CPU.ActiveCfg = Debug|Any CPU
		{0DCD6481-E17B-4609-98E6-B977F5A3AACE}.Debug|Any CPU.Build.0 = Debug|Any CPU
		{0DCD6481-E17B-4609-98E6-B977F5A3AACE}.Release|Any CPU.ActiveCfg = Release|Any CPU
		{0DCD6481-E17B-4609-98E6-B977F5A3AACE}.Release|Any CPU.Build.0 = Release|Any CPU
		{C6D044C6-8F96-4203-8B94-98E3025B8BA1}.Debug|Any CPU.ActiveCfg = Debug|Any CPU
		{C6D044C6-8F96-4203-8B94-98E3025B8BA1}.Debug|Any CPU.Build.0 = Debug|Any CPU
		{C6D044C6-8F96-4203-8B94-98E3025B8BA1}.Release|Any CPU.ActiveCfg = Release|Any CPU
		{C6D044C6-8F96-4203-8B94-98E3025B8BA1}.Release|Any CPU.Build.0 = Release|Any CPU
	EndGlobalSection
	GlobalSection(SolutionProperties) = preSolution
		HideSolutionNode = FALSE
	EndGlobalSection
EndGlobal
